// !$*UTF8*$!
{
	archiveVersion = 1;
	classes = {
	};
	objectVersion = 51;
	objects = {

/* Begin PBXBuildFile section */
		04A93D2989C1F4923D14B742 /* Pods_FittingApp.framework in Frameworks */ = {isa = PBXBuildFile; fileRef = FCDC8DDDE7E8D88728760B15 /* Pods_FittingApp.framework */; };
		FA23FE2D25EEB90200FCDFB3 /* AppDelegate.swift in Sources */ = {isa = PBXBuildFile; fileRef = FA23FE2C25EEB90200FCDFB3 /* AppDelegate.swift */; };
		FA23FE3625EEB90500FCDFB3 /* Assets.xcassets in Resources */ = {isa = PBXBuildFile; fileRef = FA23FE3525EEB90500FCDFB3 /* Assets.xcassets */; };
		FA23FE3925EEB90500FCDFB3 /* LaunchScreen.storyboard in Resources */ = {isa = PBXBuildFile; fileRef = FA23FE3725EEB90500FCDFB3 /* LaunchScreen.storyboard */; };
		FA23FE4325EEE60400FCDFB3 /* LoggedOutViewController.swift in Sources */ = {isa = PBXBuildFile; fileRef = FA23FE4225EEE60400FCDFB3 /* LoggedOutViewController.swift */; };
		FA23FE4825EEE70500FCDFB3 /* Images.swift in Sources */ = {isa = PBXBuildFile; fileRef = FA23FE4625EEE70500FCDFB3 /* Images.swift */; };
		FA23FE4925EEE70500FCDFB3 /* Fonts.swift in Sources */ = {isa = PBXBuildFile; fileRef = FA23FE4725EEE70500FCDFB3 /* Fonts.swift */; };
		FA23FE5325EEE98F00FCDFB3 /* Coordinator.swift in Sources */ = {isa = PBXBuildFile; fileRef = FA23FE5225EEE98F00FCDFB3 /* Coordinator.swift */; };
		FA23FE5525EEE9FD00FCDFB3 /* AppCoordinator.swift in Sources */ = {isa = PBXBuildFile; fileRef = FA23FE5425EEE9FD00FCDFB3 /* AppCoordinator.swift */; };
		FA23FE5825EEEF1E00FCDFB3 /* LoggedOutAssembly.swift in Sources */ = {isa = PBXBuildFile; fileRef = FA23FE5725EEEF1E00FCDFB3 /* LoggedOutAssembly.swift */; };
		FA23FE5A25EEEFB400FCDFB3 /* LoggedOutCoordinator.swift in Sources */ = {isa = PBXBuildFile; fileRef = FA23FE5925EEEFB400FCDFB3 /* LoggedOutCoordinator.swift */; };
		FA23FE5C25EEFFB100FCDFB3 /* LoggedOutViewProtocol.swift in Sources */ = {isa = PBXBuildFile; fileRef = FA23FE5B25EEFFB100FCDFB3 /* LoggedOutViewProtocol.swift */; };
		FA23FE5F25EF015700FCDFB3 /* LoginViewProtocol.swift in Sources */ = {isa = PBXBuildFile; fileRef = FA23FE5E25EF015700FCDFB3 /* LoginViewProtocol.swift */; };
		FA23FE6425EF01F700FCDFB3 /* LoginViewController.swift in Sources */ = {isa = PBXBuildFile; fileRef = FA23FE6325EF01F700FCDFB3 /* LoginViewController.swift */; };
		FA23FE6625EF025300FCDFB3 /* LoginAssembly.swift in Sources */ = {isa = PBXBuildFile; fileRef = FA23FE6525EF025300FCDFB3 /* LoginAssembly.swift */; };
		FA23FE6825EF059900FCDFB3 /* LoginCoordinator.swift in Sources */ = {isa = PBXBuildFile; fileRef = FA23FE6725EF059900FCDFB3 /* LoginCoordinator.swift */; };
		FA23FE6A25EF08D000FCDFB3 /* LoginViewModel.swift in Sources */ = {isa = PBXBuildFile; fileRef = FA23FE6925EF08D000FCDFB3 /* LoginViewModel.swift */; };
		FA23FE6D25EFCB1000FCDFB3 /* LoggedOutViewModel.swift in Sources */ = {isa = PBXBuildFile; fileRef = FA23FE6C25EFCB1000FCDFB3 /* LoggedOutViewModel.swift */; };
		FA23FE6F25EFCE5C00FCDFB3 /* NavigationController.swift in Sources */ = {isa = PBXBuildFile; fileRef = FA23FE6E25EFCE5C00FCDFB3 /* NavigationController.swift */; };
		FA23FE7525EFD9FF00FCDFB3 /* DiscoverViewController.swift in Sources */ = {isa = PBXBuildFile; fileRef = FA23FE7425EFD9FF00FCDFB3 /* DiscoverViewController.swift */; };
		FA23FE7725EFDA7500FCDFB3 /* DiscoverViewModel.swift in Sources */ = {isa = PBXBuildFile; fileRef = FA23FE7625EFDA7500FCDFB3 /* DiscoverViewModel.swift */; };
		FA23FE7A25EFDB3100FCDFB3 /* DiscoverAssembly.swift in Sources */ = {isa = PBXBuildFile; fileRef = FA23FE7925EFDB3100FCDFB3 /* DiscoverAssembly.swift */; };
		FA23FE7C25EFDD5C00FCDFB3 /* DiscoverViewProtocol.swift in Sources */ = {isa = PBXBuildFile; fileRef = FA23FE7B25EFDD5C00FCDFB3 /* DiscoverViewProtocol.swift */; };
		FA23FE7F25EFDFDB00FCDFB3 /* DiscoverCoordinator.swift in Sources */ = {isa = PBXBuildFile; fileRef = FA23FE7E25EFDFDB00FCDFB3 /* DiscoverCoordinator.swift */; };
		FA23FE8125EFE96300FCDFB3 /* MainCoordinator.swift in Sources */ = {isa = PBXBuildFile; fileRef = FA23FE8025EFE96300FCDFB3 /* MainCoordinator.swift */; };
		FA23FE8325EFEA7A00FCDFB3 /* MainAssembly.swift in Sources */ = {isa = PBXBuildFile; fileRef = FA23FE8225EFEA7A00FCDFB3 /* MainAssembly.swift */; };
		FA23FE8525EFEC2100FCDFB3 /* ModulesAssembly.swift in Sources */ = {isa = PBXBuildFile; fileRef = FA23FE8425EFEC2100FCDFB3 /* ModulesAssembly.swift */; };
		FA23FE8825F1362C00FCDFB3 /* SearchAssembly.swift in Sources */ = {isa = PBXBuildFile; fileRef = FA23FE8725F1362C00FCDFB3 /* SearchAssembly.swift */; };
		FA23FE8A25F1364000FCDFB3 /* SearchViewController.swift in Sources */ = {isa = PBXBuildFile; fileRef = FA23FE8925F1364000FCDFB3 /* SearchViewController.swift */; };
		FA23FE8E25F1369300FCDFB3 /* SearchViewProtocol.swift in Sources */ = {isa = PBXBuildFile; fileRef = FA23FE8D25F1369300FCDFB3 /* SearchViewProtocol.swift */; };
		FA23FE9125F1375700FCDFB3 /* SearchViewModel.swift in Sources */ = {isa = PBXBuildFile; fileRef = FA23FE9025F1375700FCDFB3 /* SearchViewModel.swift */; };
		FA23FE9425F1381600FCDFB3 /* SearchCoordinator.swift in Sources */ = {isa = PBXBuildFile; fileRef = FA23FE9325F1381600FCDFB3 /* SearchCoordinator.swift */; };
		FA23FE9625F147CA00FCDFB3 /* Category.xcassets in Resources */ = {isa = PBXBuildFile; fileRef = FA23FE9525F147CA00FCDFB3 /* Category.xcassets */; };
		FA23FE9825F16D4D00FCDFB3 /* Brands.xcassets in Resources */ = {isa = PBXBuildFile; fileRef = FA23FE9725F16D4D00FCDFB3 /* Brands.xcassets */; };
		FA23FE9A25F19C4400FCDFB3 /* ImageCollectionViewCell.swift in Sources */ = {isa = PBXBuildFile; fileRef = FA23FE9925F19C4400FCDFB3 /* ImageCollectionViewCell.swift */; };
		FA23FE9C25F254E300FCDFB3 /* TitleCollectionViewCell.swift in Sources */ = {isa = PBXBuildFile; fileRef = FA23FE9B25F254E300FCDFB3 /* TitleCollectionViewCell.swift */; };
		FA23FE9F25F2590C00FCDFB3 /* CategoriesViewController.swift in Sources */ = {isa = PBXBuildFile; fileRef = FA23FE9E25F2590C00FCDFB3 /* CategoriesViewController.swift */; };
		FA23FEA125F26C4900FCDFB3 /* Colors.swift in Sources */ = {isa = PBXBuildFile; fileRef = FA23FEA025F26C4900FCDFB3 /* Colors.swift */; };
		FA23FEA425F2709A00FCDFB3 /* BrandsViewController.swift in Sources */ = {isa = PBXBuildFile; fileRef = FA23FEA325F2709A00FCDFB3 /* BrandsViewController.swift */; };
		FA23FEA725F2794B00FCDFB3 /* ProductsViewController.swift in Sources */ = {isa = PBXBuildFile; fileRef = FA23FEA625F2794B00FCDFB3 /* ProductsViewController.swift */; };
		FA23FEAB25F282B500FCDFB3 /* DemoProducts.xcassets in Resources */ = {isa = PBXBuildFile; fileRef = FA23FEAA25F282B500FCDFB3 /* DemoProducts.xcassets */; };
/* End PBXBuildFile section */

/* Begin PBXFileReference section */
		D75A76190493ABD47C5D8D3D /* Pods-FittingApp.debug.xcconfig */ = {isa = PBXFileReference; includeInIndex = 1; lastKnownFileType = text.xcconfig; name = "Pods-FittingApp.debug.xcconfig"; path = "Target Support Files/Pods-FittingApp/Pods-FittingApp.debug.xcconfig"; sourceTree = "<group>"; };
		E7A0D88DD8259E371D96A444 /* Pods-FittingApp.release.xcconfig */ = {isa = PBXFileReference; includeInIndex = 1; lastKnownFileType = text.xcconfig; name = "Pods-FittingApp.release.xcconfig"; path = "Target Support Files/Pods-FittingApp/Pods-FittingApp.release.xcconfig"; sourceTree = "<group>"; };
		FA23FE2925EEB90200FCDFB3 /* FittingApp.app */ = {isa = PBXFileReference; explicitFileType = wrapper.application; includeInIndex = 0; path = FittingApp.app; sourceTree = BUILT_PRODUCTS_DIR; };
		FA23FE2C25EEB90200FCDFB3 /* AppDelegate.swift */ = {isa = PBXFileReference; lastKnownFileType = sourcecode.swift; path = AppDelegate.swift; sourceTree = "<group>"; };
		FA23FE3525EEB90500FCDFB3 /* Assets.xcassets */ = {isa = PBXFileReference; lastKnownFileType = folder.assetcatalog; path = Assets.xcassets; sourceTree = "<group>"; };
		FA23FE3825EEB90500FCDFB3 /* Base */ = {isa = PBXFileReference; lastKnownFileType = file.storyboard; name = Base; path = Base.lproj/LaunchScreen.storyboard; sourceTree = "<group>"; };
		FA23FE3A25EEB90500FCDFB3 /* Info.plist */ = {isa = PBXFileReference; lastKnownFileType = text.plist.xml; path = Info.plist; sourceTree = "<group>"; };
		FA23FE4225EEE60400FCDFB3 /* LoggedOutViewController.swift */ = {isa = PBXFileReference; fileEncoding = 4; lastKnownFileType = sourcecode.swift; path = LoggedOutViewController.swift; sourceTree = "<group>"; };
		FA23FE4625EEE70500FCDFB3 /* Images.swift */ = {isa = PBXFileReference; fileEncoding = 4; lastKnownFileType = sourcecode.swift; path = Images.swift; sourceTree = "<group>"; };
		FA23FE4725EEE70500FCDFB3 /* Fonts.swift */ = {isa = PBXFileReference; fileEncoding = 4; lastKnownFileType = sourcecode.swift; path = Fonts.swift; sourceTree = "<group>"; };
		FA23FE4A25EEE86000FCDFB3 /* Roboto-Regular.ttf */ = {isa = PBXFileReference; lastKnownFileType = file; path = "Roboto-Regular.ttf"; sourceTree = "<group>"; };
		FA23FE4B25EEE86100FCDFB3 /* Comfortaa-Regular.ttf */ = {isa = PBXFileReference; lastKnownFileType = file; path = "Comfortaa-Regular.ttf"; sourceTree = "<group>"; };
		FA23FE4C25EEE86100FCDFB3 /* Questrial-Regular.otf */ = {isa = PBXFileReference; lastKnownFileType = file; path = "Questrial-Regular.otf"; sourceTree = "<group>"; };
		FA23FE4D25EEE86100FCDFB3 /* ofont.ru_Corbel.ttf */ = {isa = PBXFileReference; lastKnownFileType = file; path = ofont.ru_Corbel.ttf; sourceTree = "<group>"; };
		FA23FE5225EEE98F00FCDFB3 /* Coordinator.swift */ = {isa = PBXFileReference; lastKnownFileType = sourcecode.swift; path = Coordinator.swift; sourceTree = "<group>"; };
		FA23FE5425EEE9FD00FCDFB3 /* AppCoordinator.swift */ = {isa = PBXFileReference; lastKnownFileType = sourcecode.swift; path = AppCoordinator.swift; sourceTree = "<group>"; };
		FA23FE5725EEEF1E00FCDFB3 /* LoggedOutAssembly.swift */ = {isa = PBXFileReference; lastKnownFileType = sourcecode.swift; path = LoggedOutAssembly.swift; sourceTree = "<group>"; };
		FA23FE5925EEEFB400FCDFB3 /* LoggedOutCoordinator.swift */ = {isa = PBXFileReference; lastKnownFileType = sourcecode.swift; path = LoggedOutCoordinator.swift; sourceTree = "<group>"; };
		FA23FE5B25EEFFB100FCDFB3 /* LoggedOutViewProtocol.swift */ = {isa = PBXFileReference; lastKnownFileType = sourcecode.swift; path = LoggedOutViewProtocol.swift; sourceTree = "<group>"; };
		FA23FE5E25EF015700FCDFB3 /* LoginViewProtocol.swift */ = {isa = PBXFileReference; lastKnownFileType = sourcecode.swift; path = LoginViewProtocol.swift; sourceTree = "<group>"; };
		FA23FE6325EF01F700FCDFB3 /* LoginViewController.swift */ = {isa = PBXFileReference; fileEncoding = 4; lastKnownFileType = sourcecode.swift; path = LoginViewController.swift; sourceTree = "<group>"; };
		FA23FE6525EF025300FCDFB3 /* LoginAssembly.swift */ = {isa = PBXFileReference; lastKnownFileType = sourcecode.swift; path = LoginAssembly.swift; sourceTree = "<group>"; };
		FA23FE6725EF059900FCDFB3 /* LoginCoordinator.swift */ = {isa = PBXFileReference; lastKnownFileType = sourcecode.swift; path = LoginCoordinator.swift; sourceTree = "<group>"; };
		FA23FE6925EF08D000FCDFB3 /* LoginViewModel.swift */ = {isa = PBXFileReference; lastKnownFileType = sourcecode.swift; path = LoginViewModel.swift; sourceTree = "<group>"; };
		FA23FE6C25EFCB1000FCDFB3 /* LoggedOutViewModel.swift */ = {isa = PBXFileReference; fileEncoding = 4; lastKnownFileType = sourcecode.swift; name = LoggedOutViewModel.swift; path = FittingApp/Screens/Login/ViewModel/LoggedOutViewModel.swift; sourceTree = SOURCE_ROOT; };
		FA23FE6E25EFCE5C00FCDFB3 /* NavigationController.swift */ = {isa = PBXFileReference; lastKnownFileType = sourcecode.swift; path = NavigationController.swift; sourceTree = "<group>"; };
		FA23FE7425EFD9FF00FCDFB3 /* DiscoverViewController.swift */ = {isa = PBXFileReference; fileEncoding = 4; lastKnownFileType = sourcecode.swift; path = DiscoverViewController.swift; sourceTree = "<group>"; };
		FA23FE7625EFDA7500FCDFB3 /* DiscoverViewModel.swift */ = {isa = PBXFileReference; lastKnownFileType = sourcecode.swift; path = DiscoverViewModel.swift; sourceTree = "<group>"; };
		FA23FE7925EFDB3100FCDFB3 /* DiscoverAssembly.swift */ = {isa = PBXFileReference; lastKnownFileType = sourcecode.swift; path = DiscoverAssembly.swift; sourceTree = "<group>"; };
		FA23FE7B25EFDD5C00FCDFB3 /* DiscoverViewProtocol.swift */ = {isa = PBXFileReference; lastKnownFileType = sourcecode.swift; path = DiscoverViewProtocol.swift; sourceTree = "<group>"; };
		FA23FE7E25EFDFDB00FCDFB3 /* DiscoverCoordinator.swift */ = {isa = PBXFileReference; lastKnownFileType = sourcecode.swift; path = DiscoverCoordinator.swift; sourceTree = "<group>"; };
		FA23FE8025EFE96300FCDFB3 /* MainCoordinator.swift */ = {isa = PBXFileReference; lastKnownFileType = sourcecode.swift; path = MainCoordinator.swift; sourceTree = "<group>"; };
		FA23FE8225EFEA7A00FCDFB3 /* MainAssembly.swift */ = {isa = PBXFileReference; lastKnownFileType = sourcecode.swift; path = MainAssembly.swift; sourceTree = "<group>"; };
		FA23FE8425EFEC2100FCDFB3 /* ModulesAssembly.swift */ = {isa = PBXFileReference; lastKnownFileType = sourcecode.swift; path = ModulesAssembly.swift; sourceTree = "<group>"; };
		FA23FE8725F1362C00FCDFB3 /* SearchAssembly.swift */ = {isa = PBXFileReference; lastKnownFileType = sourcecode.swift; path = SearchAssembly.swift; sourceTree = "<group>"; };
		FA23FE8925F1364000FCDFB3 /* SearchViewController.swift */ = {isa = PBXFileReference; fileEncoding = 4; lastKnownFileType = sourcecode.swift; path = SearchViewController.swift; sourceTree = "<group>"; };
		FA23FE8D25F1369300FCDFB3 /* SearchViewProtocol.swift */ = {isa = PBXFileReference; lastKnownFileType = sourcecode.swift; path = SearchViewProtocol.swift; sourceTree = "<group>"; };
		FA23FE9025F1375700FCDFB3 /* SearchViewModel.swift */ = {isa = PBXFileReference; lastKnownFileType = sourcecode.swift; path = SearchViewModel.swift; sourceTree = "<group>"; };
		FA23FE9325F1381600FCDFB3 /* SearchCoordinator.swift */ = {isa = PBXFileReference; lastKnownFileType = sourcecode.swift; path = SearchCoordinator.swift; sourceTree = "<group>"; };
		FA23FE9525F147CA00FCDFB3 /* Category.xcassets */ = {isa = PBXFileReference; lastKnownFileType = folder.assetcatalog; path = Category.xcassets; sourceTree = "<group>"; };
		FA23FE9725F16D4D00FCDFB3 /* Brands.xcassets */ = {isa = PBXFileReference; lastKnownFileType = folder.assetcatalog; path = Brands.xcassets; sourceTree = "<group>"; };
		FA23FE9925F19C4400FCDFB3 /* ImageCollectionViewCell.swift */ = {isa = PBXFileReference; lastKnownFileType = sourcecode.swift; path = ImageCollectionViewCell.swift; sourceTree = "<group>"; };
		FA23FE9B25F254E300FCDFB3 /* TitleCollectionViewCell.swift */ = {isa = PBXFileReference; lastKnownFileType = sourcecode.swift; path = TitleCollectionViewCell.swift; sourceTree = "<group>"; };
		FA23FE9E25F2590C00FCDFB3 /* CategoriesViewController.swift */ = {isa = PBXFileReference; lastKnownFileType = sourcecode.swift; path = CategoriesViewController.swift; sourceTree = "<group>"; };
		FA23FEA025F26C4900FCDFB3 /* Colors.swift */ = {isa = PBXFileReference; lastKnownFileType = sourcecode.swift; path = Colors.swift; sourceTree = "<group>"; };
		FA23FEA325F2709A00FCDFB3 /* BrandsViewController.swift */ = {isa = PBXFileReference; lastKnownFileType = sourcecode.swift; path = BrandsViewController.swift; sourceTree = "<group>"; };
		FA23FEA625F2794B00FCDFB3 /* ProductsViewController.swift */ = {isa = PBXFileReference; lastKnownFileType = sourcecode.swift; path = ProductsViewController.swift; sourceTree = "<group>"; };
		FA23FEAA25F282B500FCDFB3 /* DemoProducts.xcassets */ = {isa = PBXFileReference; lastKnownFileType = folder.assetcatalog; path = DemoProducts.xcassets; sourceTree = "<group>"; };
		FCDC8DDDE7E8D88728760B15 /* Pods_FittingApp.framework */ = {isa = PBXFileReference; explicitFileType = wrapper.framework; includeInIndex = 0; path = Pods_FittingApp.framework; sourceTree = BUILT_PRODUCTS_DIR; };
/* End PBXFileReference section */

/* Begin PBXFrameworksBuildPhase section */
		FA23FE2625EEB90200FCDFB3 /* Frameworks */ = {
			isa = PBXFrameworksBuildPhase;
			buildActionMask = 2147483647;
			files = (
				04A93D2989C1F4923D14B742 /* Pods_FittingApp.framework in Frameworks */,
			);
			runOnlyForDeploymentPostprocessing = 0;
		};
/* End PBXFrameworksBuildPhase section */

/* Begin PBXGroup section */
		64C6CA9733A319B968BA9038 /* Frameworks */ = {
			isa = PBXGroup;
			children = (
				FCDC8DDDE7E8D88728760B15 /* Pods_FittingApp.framework */,
			);
			name = Frameworks;
			sourceTree = "<group>";
		};
		FA23FE2025EEB90200FCDFB3 = {
			isa = PBXGroup;
			children = (
				FA23FE2B25EEB90200FCDFB3 /* FittingApp */,
				FA23FE2A25EEB90200FCDFB3 /* Products */,
				FD46307F414BE62E1B9C9AE0 /* Pods */,
				64C6CA9733A319B968BA9038 /* Frameworks */,
			);
			sourceTree = "<group>";
		};
		FA23FE2A25EEB90200FCDFB3 /* Products */ = {
			isa = PBXGroup;
			children = (
				FA23FE2925EEB90200FCDFB3 /* FittingApp.app */,
			);
			name = Products;
			sourceTree = "<group>";
		};
		FA23FE2B25EEB90200FCDFB3 /* FittingApp */ = {
			isa = PBXGroup;
			children = (
				FA23FE2C25EEB90200FCDFB3 /* AppDelegate.swift */,
				FA23FE4425EEE67600FCDFB3 /* Common */,
				FA23FE4125EEE59600FCDFB3 /* Screens */,
				FA23FE4525EEE69000FCDFB3 /* Resources */,
				FA23FE3525EEB90500FCDFB3 /* Assets.xcassets */,
				FA23FE3725EEB90500FCDFB3 /* LaunchScreen.storyboard */,
				FA23FE3A25EEB90500FCDFB3 /* Info.plist */,
			);
			path = FittingApp;
			sourceTree = "<group>";
		};
		FA23FE4025EEE58900FCDFB3 /* Logout */ = {
			isa = PBXGroup;
			children = (
				FA23FE5625EEEEE300FCDFB3 /* Assembly */,
				FA23FE5125EEE94300FCDFB3 /* Model */,
				FA23FE5025EEE92E00FCDFB3 /* Coordinator */,
				FA23FE4F25EEE91E00FCDFB3 /* ViewModel */,
				FA23FE4E25EEE90F00FCDFB3 /* Views */,
			);
			path = Logout;
			sourceTree = "<group>";
		};
		FA23FE4125EEE59600FCDFB3 /* Screens */ = {
			isa = PBXGroup;
			children = (
				FA23FE7025EFD98500FCDFB3 /* Main */,
				FA23FE5D25EF012C00FCDFB3 /* Login */,
				FA23FE4025EEE58900FCDFB3 /* Logout */,
			);
			path = Screens;
			sourceTree = "<group>";
		};
		FA23FE4425EEE67600FCDFB3 /* Common */ = {
			isa = PBXGroup;
			children = (
				FA23FE4725EEE70500FCDFB3 /* Fonts.swift */,
				FA23FE4625EEE70500FCDFB3 /* Images.swift */,
				FA23FE5225EEE98F00FCDFB3 /* Coordinator.swift */,
				FA23FE5425EEE9FD00FCDFB3 /* AppCoordinator.swift */,
				FA23FE6E25EFCE5C00FCDFB3 /* NavigationController.swift */,
				FA23FE8425EFEC2100FCDFB3 /* ModulesAssembly.swift */,
				FA23FEA025F26C4900FCDFB3 /* Colors.swift */,
			);
			path = Common;
			sourceTree = "<group>";
		};
		FA23FE4525EEE69000FCDFB3 /* Resources */ = {
			isa = PBXGroup;
			children = (
				FA23FE4B25EEE86100FCDFB3 /* Comfortaa-Regular.ttf */,
				FA23FE4D25EEE86100FCDFB3 /* ofont.ru_Corbel.ttf */,
				FA23FE4C25EEE86100FCDFB3 /* Questrial-Regular.otf */,
				FA23FE4A25EEE86000FCDFB3 /* Roboto-Regular.ttf */,
				FA23FE9525F147CA00FCDFB3 /* Category.xcassets */,
				FA23FE9725F16D4D00FCDFB3 /* Brands.xcassets */,
				FA23FEAA25F282B500FCDFB3 /* DemoProducts.xcassets */,
			);
			path = Resources;
			sourceTree = "<group>";
		};
		FA23FE4E25EEE90F00FCDFB3 /* Views */ = {
			isa = PBXGroup;
			children = (
				FA23FE5B25EEFFB100FCDFB3 /* LoggedOutViewProtocol.swift */,
				FA23FE4225EEE60400FCDFB3 /* LoggedOutViewController.swift */,
			);
			path = Views;
			sourceTree = "<group>";
		};
		FA23FE4F25EEE91E00FCDFB3 /* ViewModel */ = {
			isa = PBXGroup;
			children = (
				FA23FE6C25EFCB1000FCDFB3 /* LoggedOutViewModel.swift */,
			);
			path = ViewModel;
			sourceTree = "<group>";
		};
		FA23FE5025EEE92E00FCDFB3 /* Coordinator */ = {
			isa = PBXGroup;
			children = (
				FA23FE5925EEEFB400FCDFB3 /* LoggedOutCoordinator.swift */,
			);
			path = Coordinator;
			sourceTree = "<group>";
		};
		FA23FE5125EEE94300FCDFB3 /* Model */ = {
			isa = PBXGroup;
			children = (
			);
			path = Model;
			sourceTree = "<group>";
		};
		FA23FE5625EEEEE300FCDFB3 /* Assembly */ = {
			isa = PBXGroup;
			children = (
				FA23FE5725EEEF1E00FCDFB3 /* LoggedOutAssembly.swift */,
			);
			path = Assembly;
			sourceTree = "<group>";
		};
		FA23FE5D25EF012C00FCDFB3 /* Login */ = {
			isa = PBXGroup;
			children = (
				FA23FE6125EF01CD00FCDFB3 /* Assembly */,
				FA23FE6B25EFC63300FCDFB3 /* ViewModel */,
				FA23FE6225EF01D600FCDFB3 /* Coordinator */,
				FA23FE6025EF019000FCDFB3 /* Views */,
			);
			path = Login;
			sourceTree = "<group>";
		};
		FA23FE6025EF019000FCDFB3 /* Views */ = {
			isa = PBXGroup;
			children = (
				FA23FE6325EF01F700FCDFB3 /* LoginViewController.swift */,
				FA23FE5E25EF015700FCDFB3 /* LoginViewProtocol.swift */,
			);
			path = Views;
			sourceTree = "<group>";
		};
		FA23FE6125EF01CD00FCDFB3 /* Assembly */ = {
			isa = PBXGroup;
			children = (
				FA23FE6525EF025300FCDFB3 /* LoginAssembly.swift */,
			);
			path = Assembly;
			sourceTree = "<group>";
		};
		FA23FE6225EF01D600FCDFB3 /* Coordinator */ = {
			isa = PBXGroup;
			children = (
				FA23FE6725EF059900FCDFB3 /* LoginCoordinator.swift */,
			);
			path = Coordinator;
			sourceTree = "<group>";
		};
		FA23FE6B25EFC63300FCDFB3 /* ViewModel */ = {
			isa = PBXGroup;
			children = (
				FA23FE6925EF08D000FCDFB3 /* LoginViewModel.swift */,
			);
			path = ViewModel;
			sourceTree = "<group>";
		};
		FA23FE7025EFD98500FCDFB3 /* Main */ = {
			isa = PBXGroup;
			children = (
				FA23FE8225EFEA7A00FCDFB3 /* MainAssembly.swift */,
				FA23FE8025EFE96300FCDFB3 /* MainCoordinator.swift */,
				FA23FE7125EFD99400FCDFB3 /* Discover */,
				FA23FE8625F1355C00FCDFB3 /* Search */,
			);
			path = Main;
			sourceTree = "<group>";
		};
		FA23FE7125EFD99400FCDFB3 /* Discover */ = {
			isa = PBXGroup;
			children = (
				FA23FE7D25EFDFBD00FCDFB3 /* Coordinator */,
				FA23FE7825EFDA7D00FCDFB3 /* Assembly */,
				FA23FE7225EFD9B500FCDFB3 /* View */,
				FA23FE7325EFD9C200FCDFB3 /* ViewModel */,
			);
			path = Discover;
			sourceTree = "<group>";
		};
		FA23FE7225EFD9B500FCDFB3 /* View */ = {
			isa = PBXGroup;
			children = (
				FA23FE7425EFD9FF00FCDFB3 /* DiscoverViewController.swift */,
				FA23FE7B25EFDD5C00FCDFB3 /* DiscoverViewProtocol.swift */,
			);
			path = View;
			sourceTree = "<group>";
		};
		FA23FE7325EFD9C200FCDFB3 /* ViewModel */ = {
			isa = PBXGroup;
			children = (
				FA23FE7625EFDA7500FCDFB3 /* DiscoverViewModel.swift */,
			);
			path = ViewModel;
			sourceTree = "<group>";
		};
		FA23FE7825EFDA7D00FCDFB3 /* Assembly */ = {
			isa = PBXGroup;
			children = (
				FA23FE7925EFDB3100FCDFB3 /* DiscoverAssembly.swift */,
			);
			path = Assembly;
			sourceTree = "<group>";
		};
		FA23FE7D25EFDFBD00FCDFB3 /* Coordinator */ = {
			isa = PBXGroup;
			children = (
				FA23FE7E25EFDFDB00FCDFB3 /* DiscoverCoordinator.swift */,
			);
			path = Coordinator;
			sourceTree = "<group>";
		};
		FA23FE8625F1355C00FCDFB3 /* Search */ = {
			isa = PBXGroup;
			children = (
				FA23FE8F25F1374500FCDFB3 /* ViewModel */,
				FA23FE8B25F1366C00FCDFB3 /* Assembly */,
				FA23FE8C25F1367700FCDFB3 /* View */,
				FA23FE9225F137FC00FCDFB3 /* Coordinator */,
			);
			path = Search;
			sourceTree = "<group>";
		};
		FA23FE8B25F1366C00FCDFB3 /* Assembly */ = {
			isa = PBXGroup;
			children = (
				FA23FE8725F1362C00FCDFB3 /* SearchAssembly.swift */,
			);
			path = Assembly;
			sourceTree = "<group>";
		};
		FA23FE8C25F1367700FCDFB3 /* View */ = {
			isa = PBXGroup;
			children = (
				FA23FEA525F2780C00FCDFB3 /* Products */,
				FA23FEA225F26FA900FCDFB3 /* Brands */,
				FA23FE9D25F258CD00FCDFB3 /* Category */,
				FA23FE8925F1364000FCDFB3 /* SearchViewController.swift */,
				FA23FE8D25F1369300FCDFB3 /* SearchViewProtocol.swift */,
			);
			path = View;
			sourceTree = "<group>";
		};
		FA23FE8F25F1374500FCDFB3 /* ViewModel */ = {
			isa = PBXGroup;
			children = (
				FA23FE9025F1375700FCDFB3 /* SearchViewModel.swift */,
			);
			path = ViewModel;
			sourceTree = "<group>";
		};
		FA23FE9225F137FC00FCDFB3 /* Coordinator */ = {
			isa = PBXGroup;
			children = (
				FA23FE9325F1381600FCDFB3 /* SearchCoordinator.swift */,
			);
			path = Coordinator;
			sourceTree = "<group>";
		};
		FA23FE9D25F258CD00FCDFB3 /* Category */ = {
			isa = PBXGroup;
			children = (
				FA23FE9B25F254E300FCDFB3 /* TitleCollectionViewCell.swift */,
				FA23FE9E25F2590C00FCDFB3 /* CategoriesViewController.swift */,
			);
			path = Category;
			sourceTree = "<group>";
		};
		FA23FEA225F26FA900FCDFB3 /* Brands */ = {
			isa = PBXGroup;
			children = (
				FA23FEA325F2709A00FCDFB3 /* BrandsViewController.swift */,
				FA23FE9925F19C4400FCDFB3 /* ImageCollectionViewCell.swift */,
			);
			path = Brands;
			sourceTree = "<group>";
		};
		FA23FEA525F2780C00FCDFB3 /* Products */ = {
			isa = PBXGroup;
			children = (
				FA23FEA625F2794B00FCDFB3 /* ProductsViewController.swift */,
			);
			path = Products;
			sourceTree = "<group>";
		};
		FD46307F414BE62E1B9C9AE0 /* Pods */ = {
			isa = PBXGroup;
			children = (
				D75A76190493ABD47C5D8D3D /* Pods-FittingApp.debug.xcconfig */,
				E7A0D88DD8259E371D96A444 /* Pods-FittingApp.release.xcconfig */,
			);
			path = Pods;
			sourceTree = "<group>";
		};
/* End PBXGroup section */

/* Begin PBXNativeTarget section */
		FA23FE2825EEB90200FCDFB3 /* FittingApp */ = {
			isa = PBXNativeTarget;
			buildConfigurationList = FA23FE3D25EEB90500FCDFB3 /* Build configuration list for PBXNativeTarget "FittingApp" */;
			buildPhases = (
				B875BF9FD6700C2B1CD9E7F9 /* [CP] Check Pods Manifest.lock */,
				FA23FE2525EEB90200FCDFB3 /* Sources */,
				FA23FE2625EEB90200FCDFB3 /* Frameworks */,
				FA23FE2725EEB90200FCDFB3 /* Resources */,
				553A8CDF485E7DE04260902B /* [CP] Embed Pods Frameworks */,
			);
			buildRules = (
			);
			dependencies = (
			);
			name = FittingApp;
			productName = FittingApp;
			productReference = FA23FE2925EEB90200FCDFB3 /* FittingApp.app */;
			productType = "com.apple.product-type.application";
		};
/* End PBXNativeTarget section */

/* Begin PBXProject section */
		FA23FE2125EEB90200FCDFB3 /* Project object */ = {
			isa = PBXProject;
			attributes = {
				LastSwiftUpdateCheck = 1250;
				LastUpgradeCheck = 1250;
				TargetAttributes = {
					FA23FE2825EEB90200FCDFB3 = {
						CreatedOnToolsVersion = 12.5;
					};
				};
			};
			buildConfigurationList = FA23FE2425EEB90200FCDFB3 /* Build configuration list for PBXProject "FittingApp" */;
			compatibilityVersion = "Xcode 9.3";
			developmentRegion = en;
			hasScannedForEncodings = 0;
			knownRegions = (
				en,
				Base,
			);
			mainGroup = FA23FE2025EEB90200FCDFB3;
			productRefGroup = FA23FE2A25EEB90200FCDFB3 /* Products */;
			projectDirPath = "";
			projectRoot = "";
			targets = (
				FA23FE2825EEB90200FCDFB3 /* FittingApp */,
			);
		};
/* End PBXProject section */

/* Begin PBXResourcesBuildPhase section */
		FA23FE2725EEB90200FCDFB3 /* Resources */ = {
			isa = PBXResourcesBuildPhase;
			buildActionMask = 2147483647;
			files = (
				FA23FE9625F147CA00FCDFB3 /* Category.xcassets in Resources */,
				FA23FE9825F16D4D00FCDFB3 /* Brands.xcassets in Resources */,
				FA23FEAB25F282B500FCDFB3 /* DemoProducts.xcassets in Resources */,
				FA23FE3925EEB90500FCDFB3 /* LaunchScreen.storyboard in Resources */,
				FA23FE3625EEB90500FCDFB3 /* Assets.xcassets in Resources */,
			);
			runOnlyForDeploymentPostprocessing = 0;
		};
/* End PBXResourcesBuildPhase section */

/* Begin PBXShellScriptBuildPhase section */
		553A8CDF485E7DE04260902B /* [CP] Embed Pods Frameworks */ = {
			isa = PBXShellScriptBuildPhase;
			buildActionMask = 2147483647;
			files = (
			);
			inputFileListPaths = (
				"${PODS_ROOT}/Target Support Files/Pods-FittingApp/Pods-FittingApp-frameworks-${CONFIGURATION}-input-files.xcfilelist",
			);
			name = "[CP] Embed Pods Frameworks";
			outputFileListPaths = (
				"${PODS_ROOT}/Target Support Files/Pods-FittingApp/Pods-FittingApp-frameworks-${CONFIGURATION}-output-files.xcfilelist",
			);
			runOnlyForDeploymentPostprocessing = 0;
			shellPath = /bin/sh;
			shellScript = "\"${PODS_ROOT}/Target Support Files/Pods-FittingApp/Pods-FittingApp-frameworks.sh\"\n";
			showEnvVarsInLog = 0;
		};
		B875BF9FD6700C2B1CD9E7F9 /* [CP] Check Pods Manifest.lock */ = {
			isa = PBXShellScriptBuildPhase;
			buildActionMask = 2147483647;
			files = (
			);
			inputFileListPaths = (
			);
			inputPaths = (
				"${PODS_PODFILE_DIR_PATH}/Podfile.lock",
				"${PODS_ROOT}/Manifest.lock",
			);
			name = "[CP] Check Pods Manifest.lock";
			outputFileListPaths = (
			);
			outputPaths = (
				"$(DERIVED_FILE_DIR)/Pods-FittingApp-checkManifestLockResult.txt",
			);
			runOnlyForDeploymentPostprocessing = 0;
			shellPath = /bin/sh;
			shellScript = "diff \"${PODS_PODFILE_DIR_PATH}/Podfile.lock\" \"${PODS_ROOT}/Manifest.lock\" > /dev/null\nif [ $? != 0 ] ; then\n    # print error to STDERR\n    echo \"error: The sandbox is not in sync with the Podfile.lock. Run 'pod install' or update your CocoaPods installation.\" >&2\n    exit 1\nfi\n# This output is used by Xcode 'outputs' to avoid re-running this script phase.\necho \"SUCCESS\" > \"${SCRIPT_OUTPUT_FILE_0}\"\n";
			showEnvVarsInLog = 0;
		};
/* End PBXShellScriptBuildPhase section */

/* Begin PBXSourcesBuildPhase section */
		FA23FE2525EEB90200FCDFB3 /* Sources */ = {
			isa = PBXSourcesBuildPhase;
			buildActionMask = 2147483647;
			files = (
				FA23FE5F25EF015700FCDFB3 /* LoginViewProtocol.swift in Sources */,
				FA23FEA125F26C4900FCDFB3 /* Colors.swift in Sources */,
				FA23FE5825EEEF1E00FCDFB3 /* LoggedOutAssembly.swift in Sources */,
				FA23FE5525EEE9FD00FCDFB3 /* AppCoordinator.swift in Sources */,
				FA23FE7725EFDA7500FCDFB3 /* DiscoverViewModel.swift in Sources */,
				FA23FE4925EEE70500FCDFB3 /* Fonts.swift in Sources */,
				FA23FE8125EFE96300FCDFB3 /* MainCoordinator.swift in Sources */,
				FA23FE9A25F19C4400FCDFB3 /* ImageCollectionViewCell.swift in Sources */,
				FA23FE9425F1381600FCDFB3 /* SearchCoordinator.swift in Sources */,
				FA23FEA725F2794B00FCDFB3 /* ProductsViewController.swift in Sources */,
				FA23FE7C25EFDD5C00FCDFB3 /* DiscoverViewProtocol.swift in Sources */,
				FA23FE7F25EFDFDB00FCDFB3 /* DiscoverCoordinator.swift in Sources */,
				FA23FE8A25F1364000FCDFB3 /* SearchViewController.swift in Sources */,
				FA23FE6D25EFCB1000FCDFB3 /* LoggedOutViewModel.swift in Sources */,
				FA23FE8525EFEC2100FCDFB3 /* ModulesAssembly.swift in Sources */,
				FA23FE7A25EFDB3100FCDFB3 /* DiscoverAssembly.swift in Sources */,
				FA23FE6825EF059900FCDFB3 /* LoginCoordinator.swift in Sources */,
				FA23FE5A25EEEFB400FCDFB3 /* LoggedOutCoordinator.swift in Sources */,
				FA23FE6A25EF08D000FCDFB3 /* LoginViewModel.swift in Sources */,
				FA23FEA425F2709A00FCDFB3 /* BrandsViewController.swift in Sources */,
				FA23FE5C25EEFFB100FCDFB3 /* LoggedOutViewProtocol.swift in Sources */,
				FA23FE6F25EFCE5C00FCDFB3 /* NavigationController.swift in Sources */,
				FA23FE8825F1362C00FCDFB3 /* SearchAssembly.swift in Sources */,
				FA23FE2D25EEB90200FCDFB3 /* AppDelegate.swift in Sources */,
				FA23FE7525EFD9FF00FCDFB3 /* DiscoverViewController.swift in Sources */,
				FA23FE8E25F1369300FCDFB3 /* SearchViewProtocol.swift in Sources */,
				FA23FE6625EF025300FCDFB3 /* LoginAssembly.swift in Sources */,
				FA23FE9125F1375700FCDFB3 /* SearchViewModel.swift in Sources */,
				FA23FE5325EEE98F00FCDFB3 /* Coordinator.swift in Sources */,
				FA23FE4825EEE70500FCDFB3 /* Images.swift in Sources */,
				FA23FE4325EEE60400FCDFB3 /* LoggedOutViewController.swift in Sources */,
				FA23FE6425EF01F700FCDFB3 /* LoginViewController.swift in Sources */,
				FA23FE9C25F254E300FCDFB3 /* TitleCollectionViewCell.swift in Sources */,
				FA23FE9F25F2590C00FCDFB3 /* CategoriesViewController.swift in Sources */,
				FA23FE8325EFEA7A00FCDFB3 /* MainAssembly.swift in Sources */,
			);
			runOnlyForDeploymentPostprocessing = 0;
		};
/* End PBXSourcesBuildPhase section */

/* Begin PBXVariantGroup section */
		FA23FE3725EEB90500FCDFB3 /* LaunchScreen.storyboard */ = {
			isa = PBXVariantGroup;
			children = (
				FA23FE3825EEB90500FCDFB3 /* Base */,
			);
			name = LaunchScreen.storyboard;
			sourceTree = "<group>";
		};
/* End PBXVariantGroup section */

/* Begin XCBuildConfiguration section */
		FA23FE3B25EEB90500FCDFB3 /* Debug */ = {
			isa = XCBuildConfiguration;
			buildSettings = {
				ALWAYS_SEARCH_USER_PATHS = NO;
				CLANG_ANALYZER_NONNULL = YES;
				CLANG_ANALYZER_NUMBER_OBJECT_CONVERSION = YES_AGGRESSIVE;
				CLANG_CXX_LANGUAGE_STANDARD = "gnu++14";
				CLANG_CXX_LIBRARY = "libc++";
				CLANG_ENABLE_MODULES = YES;
				CLANG_ENABLE_OBJC_ARC = YES;
				CLANG_ENABLE_OBJC_WEAK = YES;
				CLANG_WARN_BLOCK_CAPTURE_AUTORELEASING = YES;
				CLANG_WARN_BOOL_CONVERSION = YES;
				CLANG_WARN_COMMA = YES;
				CLANG_WARN_CONSTANT_CONVERSION = YES;
				CLANG_WARN_DEPRECATED_OBJC_IMPLEMENTATIONS = YES;
				CLANG_WARN_DIRECT_OBJC_ISA_USAGE = YES_ERROR;
				CLANG_WARN_DOCUMENTATION_COMMENTS = YES;
				CLANG_WARN_EMPTY_BODY = YES;
				CLANG_WARN_ENUM_CONVERSION = YES;
				CLANG_WARN_INFINITE_RECURSION = YES;
				CLANG_WARN_INT_CONVERSION = YES;
				CLANG_WARN_NON_LITERAL_NULL_CONVERSION = YES;
				CLANG_WARN_OBJC_IMPLICIT_RETAIN_SELF = YES;
				CLANG_WARN_OBJC_LITERAL_CONVERSION = YES;
				CLANG_WARN_OBJC_ROOT_CLASS = YES_ERROR;
				CLANG_WARN_QUOTED_INCLUDE_IN_FRAMEWORK_HEADER = YES;
				CLANG_WARN_RANGE_LOOP_ANALYSIS = YES;
				CLANG_WARN_STRICT_PROTOTYPES = YES;
				CLANG_WARN_SUSPICIOUS_MOVE = YES;
				CLANG_WARN_UNGUARDED_AVAILABILITY = YES_AGGRESSIVE;
				CLANG_WARN_UNREACHABLE_CODE = YES;
				CLANG_WARN__DUPLICATE_METHOD_MATCH = YES;
				COPY_PHASE_STRIP = NO;
				DEBUG_INFORMATION_FORMAT = dwarf;
				ENABLE_STRICT_OBJC_MSGSEND = YES;
				ENABLE_TESTABILITY = YES;
				GCC_C_LANGUAGE_STANDARD = gnu11;
				GCC_DYNAMIC_NO_PIC = NO;
				GCC_NO_COMMON_BLOCKS = YES;
				GCC_OPTIMIZATION_LEVEL = 0;
				GCC_PREPROCESSOR_DEFINITIONS = (
					"DEBUG=1",
					"$(inherited)",
				);
				GCC_WARN_64_TO_32_BIT_CONVERSION = YES;
				GCC_WARN_ABOUT_RETURN_TYPE = YES_ERROR;
				GCC_WARN_UNDECLARED_SELECTOR = YES;
				GCC_WARN_UNINITIALIZED_AUTOS = YES_AGGRESSIVE;
				GCC_WARN_UNUSED_FUNCTION = YES;
				GCC_WARN_UNUSED_VARIABLE = YES;
				IPHONEOS_DEPLOYMENT_TARGET = 14.1;
				MTL_ENABLE_DEBUG_INFO = INCLUDE_SOURCE;
				MTL_FAST_MATH = YES;
				ONLY_ACTIVE_ARCH = YES;
				SDKROOT = iphoneos;
				SWIFT_ACTIVE_COMPILATION_CONDITIONS = DEBUG;
				SWIFT_OPTIMIZATION_LEVEL = "-Onone";
			};
			name = Debug;
		};
		FA23FE3C25EEB90500FCDFB3 /* Release */ = {
			isa = XCBuildConfiguration;
			buildSettings = {
				ALWAYS_SEARCH_USER_PATHS = NO;
				CLANG_ANALYZER_NONNULL = YES;
				CLANG_ANALYZER_NUMBER_OBJECT_CONVERSION = YES_AGGRESSIVE;
				CLANG_CXX_LANGUAGE_STANDARD = "gnu++14";
				CLANG_CXX_LIBRARY = "libc++";
				CLANG_ENABLE_MODULES = YES;
				CLANG_ENABLE_OBJC_ARC = YES;
				CLANG_ENABLE_OBJC_WEAK = YES;
				CLANG_WARN_BLOCK_CAPTURE_AUTORELEASING = YES;
				CLANG_WARN_BOOL_CONVERSION = YES;
				CLANG_WARN_COMMA = YES;
				CLANG_WARN_CONSTANT_CONVERSION = YES;
				CLANG_WARN_DEPRECATED_OBJC_IMPLEMENTATIONS = YES;
				CLANG_WARN_DIRECT_OBJC_ISA_USAGE = YES_ERROR;
				CLANG_WARN_DOCUMENTATION_COMMENTS = YES;
				CLANG_WARN_EMPTY_BODY = YES;
				CLANG_WARN_ENUM_CONVERSION = YES;
				CLANG_WARN_INFINITE_RECURSION = YES;
				CLANG_WARN_INT_CONVERSION = YES;
				CLANG_WARN_NON_LITERAL_NULL_CONVERSION = YES;
				CLANG_WARN_OBJC_IMPLICIT_RETAIN_SELF = YES;
				CLANG_WARN_OBJC_LITERAL_CONVERSION = YES;
				CLANG_WARN_OBJC_ROOT_CLASS = YES_ERROR;
				CLANG_WARN_QUOTED_INCLUDE_IN_FRAMEWORK_HEADER = YES;
				CLANG_WARN_RANGE_LOOP_ANALYSIS = YES;
				CLANG_WARN_STRICT_PROTOTYPES = YES;
				CLANG_WARN_SUSPICIOUS_MOVE = YES;
				CLANG_WARN_UNGUARDED_AVAILABILITY = YES_AGGRESSIVE;
				CLANG_WARN_UNREACHABLE_CODE = YES;
				CLANG_WARN__DUPLICATE_METHOD_MATCH = YES;
				COPY_PHASE_STRIP = NO;
				DEBUG_INFORMATION_FORMAT = "dwarf-with-dsym";
				ENABLE_NS_ASSERTIONS = NO;
				ENABLE_STRICT_OBJC_MSGSEND = YES;
				GCC_C_LANGUAGE_STANDARD = gnu11;
				GCC_NO_COMMON_BLOCKS = YES;
				GCC_WARN_64_TO_32_BIT_CONVERSION = YES;
				GCC_WARN_ABOUT_RETURN_TYPE = YES_ERROR;
				GCC_WARN_UNDECLARED_SELECTOR = YES;
				GCC_WARN_UNINITIALIZED_AUTOS = YES_AGGRESSIVE;
				GCC_WARN_UNUSED_FUNCTION = YES;
				GCC_WARN_UNUSED_VARIABLE = YES;
				IPHONEOS_DEPLOYMENT_TARGET = 14.1;
				MTL_ENABLE_DEBUG_INFO = NO;
				MTL_FAST_MATH = YES;
				SDKROOT = iphoneos;
				SWIFT_COMPILATION_MODE = wholemodule;
				SWIFT_OPTIMIZATION_LEVEL = "-O";
				VALIDATE_PRODUCT = YES;
			};
			name = Release;
		};
		FA23FE3E25EEB90500FCDFB3 /* Debug */ = {
			isa = XCBuildConfiguration;
			baseConfigurationReference = D75A76190493ABD47C5D8D3D /* Pods-FittingApp.debug.xcconfig */;
			buildSettings = {
				ASSETCATALOG_COMPILER_APPICON_NAME = AppIcon;
				ASSETCATALOG_COMPILER_GLOBAL_ACCENT_COLOR_NAME = AccentColor;
				CODE_SIGN_STYLE = Automatic;
				DEVELOPMENT_TEAM = RF42FG352F;
				INFOPLIST_FILE = FittingApp/Info.plist;
				LD_RUNPATH_SEARCH_PATHS = (
					"$(inherited)",
					"@executable_path/Frameworks",
				);
				PRODUCT_BUNDLE_IDENTIFIER = ru.adeveloper.FittingApp;
				PRODUCT_NAME = "$(TARGET_NAME)";
				SWIFT_VERSION = 5.0;
				TARGETED_DEVICE_FAMILY = "1,2";
			};
			name = Debug;
		};
		FA23FE3F25EEB90500FCDFB3 /* Release */ = {
			isa = XCBuildConfiguration;
			baseConfigurationReference = E7A0D88DD8259E371D96A444 /* Pods-FittingApp.release.xcconfig */;
			buildSettings = {
				ASSETCATALOG_COMPILER_APPICON_NAME = AppIcon;
				ASSETCATALOG_COMPILER_GLOBAL_ACCENT_COLOR_NAME = AccentColor;
				CODE_SIGN_STYLE = Automatic;
				DEVELOPMENT_TEAM = RF42FG352F;
				INFOPLIST_FILE = FittingApp/Info.plist;
				LD_RUNPATH_SEARCH_PATHS = (
					"$(inherited)",
					"@executable_path/Frameworks",
				);
				PRODUCT_BUNDLE_IDENTIFIER = ru.adeveloper.FittingApp;
				PRODUCT_NAME = "$(TARGET_NAME)";
				SWIFT_VERSION = 5.0;
				TARGETED_DEVICE_FAMILY = "1,2";
			};
			name = Release;
		};
/* End XCBuildConfiguration section */

/* Begin XCConfigurationList section */
		FA23FE2425EEB90200FCDFB3 /* Build configuration list for PBXProject "FittingApp" */ = {
			isa = XCConfigurationList;
			buildConfigurations = (
				FA23FE3B25EEB90500FCDFB3 /* Debug */,
				FA23FE3C25EEB90500FCDFB3 /* Release */,
			);
			defaultConfigurationIsVisible = 0;
			defaultConfigurationName = Release;
		};
		FA23FE3D25EEB90500FCDFB3 /* Build configuration list for PBXNativeTarget "FittingApp" */ = {
			isa = XCConfigurationList;
			buildConfigurations = (
				FA23FE3E25EEB90500FCDFB3 /* Debug */,
				FA23FE3F25EEB90500FCDFB3 /* Release */,
			);
			defaultConfigurationIsVisible = 0;
			defaultConfigurationName = Release;
		};
/* End XCConfigurationList section */
	};
	rootObject = FA23FE2125EEB90200FCDFB3 /* Project object */;
}
